
Microsoft Visual Studio Solution File, Format Version 12.00
# Visual Studio Version 17
VisualStudioVersion = 17.11.35312.102
MinimumVisualStudioVersion = 10.0.40219.1
Project("{FAE04EC0-301F-11D3-BF4B-00C04F79EFBC}") = "QuizWebApp.Server", "QuizWebApp.Server\QuizWebApp.Server.csproj", "{C5C26E19-26CB-41AB-B0DC-3B1A252DA583}"
EndProject
Project("{54A90642-561A-4BB1-A94E-469ADEE60C69}") = "quizwebapp.client", "quizwebapp.client\quizwebapp.client.esproj", "{2A9591D4-0E47-458D-B96B-AB403836C514}"
EndProject
Global
	GlobalSection(SolutionConfigurationPlatforms) = preSolution
		Debug|Any CPU = Debug|Any CPU
		Release|Any CPU = Release|Any CPU
	EndGlobalSection
	GlobalSection(ProjectConfigurationPlatforms) = postSolution
		{C5C26E19-26CB-41AB-B0DC-3B1A252DA583}.Debug|Any CPU.ActiveCfg = Debug|Any CPU
		{C5C26E19-26CB-41AB-B0DC-3B1A252DA583}.Debug|Any CPU.Build.0 = Debug|Any CPU
		{C5C26E19-26CB-41AB-B0DC-3B1A252DA583}.Release|Any CPU.ActiveCfg = Release|Any CPU
		{C5C26E19-26CB-41AB-B0DC-3B1A252DA583}.Release|Any CPU.Build.0 = Release|Any CPU
		{2A9591D4-0E47-458D-B96B-AB403836C514}.Debug|Any CPU.ActiveCfg = Debug|Any CPU
		{2A9591D4-0E47-458D-B96B-AB403836C514}.Debug|Any CPU.Build.0 = Debug|Any CPU
		{2A9591D4-0E47-458D-B96B-AB403836C514}.Debug|Any CPU.Deploy.0 = Debug|Any CPU
		{2A9591D4-0E47-458D-B96B-AB403836C514}.Release|Any CPU.ActiveCfg = Release|Any CPU
		{2A9591D4-0E47-458D-B96B-AB403836C514}.Release|Any CPU.Build.0 = Release|Any CPU
		{2A9591D4-0E47-458D-B96B-AB403836C514}.Release|Any CPU.Deploy.0 = Release|Any CPU
	EndGlobalSection
	GlobalSection(SolutionProperties) = preSolution
		HideSolutionNode = FALSE
	EndGlobalSection
	GlobalSection(ExtensibilityGlobals) = postSolution
		SolutionGuid = {3F11C7B4-E197-42B8-9E19-E544372C59D5}
	EndGlobalSection
EndGlobal
